// !$*UTF8*$!
{
	archiveVersion = 1;
	classes = {
	};
	objectVersion = 55;
	objects = {

/* Begin PBXBuildFile section */
		CBE630CB2777BF8F00CA1E76 /* AppDelegate.swift in Sources */ = {isa = PBXBuildFile; fileRef = CBE630CA2777BF8F00CA1E76 /* AppDelegate.swift */; };
		CBE630CD2777BF8F00CA1E76 /* SceneDelegate.swift in Sources */ = {isa = PBXBuildFile; fileRef = CBE630CC2777BF8F00CA1E76 /* SceneDelegate.swift */; };
		CBE630CF2777BF8F00CA1E76 /* ViewController.swift in Sources */ = {isa = PBXBuildFile; fileRef = CBE630CE2777BF8F00CA1E76 /* ViewController.swift */; };
		CBE630D22777BF8F00CA1E76 /* Main.storyboard in Resources */ = {isa = PBXBuildFile; fileRef = CBE630D02777BF8F00CA1E76 /* Main.storyboard */; };
		CBE630D42777BF9100CA1E76 /* Assets.xcassets in Resources */ = {isa = PBXBuildFile; fileRef = CBE630D32777BF9100CA1E76 /* Assets.xcassets */; };
		CBE630D72777BF9200CA1E76 /* LaunchScreen.storyboard in Resources */ = {isa = PBXBuildFile; fileRef = CBE630D52777BF9200CA1E76 /* LaunchScreen.storyboard */; };
		CBE630E22777BF9200CA1E76 /* DetailedTablwViewTests.swift in Sources */ = {isa = PBXBuildFile; fileRef = CBE630E12777BF9200CA1E76 /* DetailedTablwViewTests.swift */; };
		CBE630EC2777BF9200CA1E76 /* DetailedTablwViewUITests.swift in Sources */ = {isa = PBXBuildFile; fileRef = CBE630EB2777BF9200CA1E76 /* DetailedTablwViewUITests.swift */; };
		CBE630EE2777BF9200CA1E76 /* DetailedTablwViewUITestsLaunchTests.swift in Sources */ = {isa = PBXBuildFile; fileRef = CBE630ED2777BF9200CA1E76 /* DetailedTablwViewUITestsLaunchTests.swift */; };
		CBE630FD2777C2B600CA1E76 /* Cell.swift in Sources */ = {isa = PBXBuildFile; fileRef = CBE630FC2777C2B600CA1E76 /* Cell.swift */; };
		CBE630FF2777C6F200CA1E76 /* Meals.swift in Sources */ = {isa = PBXBuildFile; fileRef = CBE630FE2777C6F200CA1E76 /* Meals.swift */; };
/* End PBXBuildFile section */

/* Begin PBXContainerItemProxy section */
		CBE630DE2777BF9200CA1E76 /* PBXContainerItemProxy */ = {
			isa = PBXContainerItemProxy;
			containerPortal = CBE630BF2777BF8F00CA1E76 /* Project object */;
			proxyType = 1;
			remoteGlobalIDString = CBE630C62777BF8F00CA1E76;
			remoteInfo = DetailedTablwView;
		};
		CBE630E82777BF9200CA1E76 /* PBXContainerItemProxy */ = {
			isa = PBXContainerItemProxy;
			containerPortal = CBE630BF2777BF8F00CA1E76 /* Project object */;
			proxyType = 1;
			remoteGlobalIDString = CBE630C62777BF8F00CA1E76;
			remoteInfo = DetailedTablwView;
		};
/* End PBXContainerItemProxy section */

/* Begin PBXFileReference section */
		CBE630C72777BF8F00CA1E76 /* DetailedTablwView.app */ = {isa = PBXFileReference; explicitFileType = wrapper.application; includeInIndex = 0; path = DetailedTablwView.app; sourceTree = BUILT_PRODUCTS_DIR; };
		CBE630CA2777BF8F00CA1E76 /* AppDelegate.swift */ = {isa = PBXFileReference; lastKnownFileType = sourcecode.swift; path = AppDelegate.swift; sourceTree = "<group>"; };
		CBE630CC2777BF8F00CA1E76 /* SceneDelegate.swift */ = {isa = PBXFileReference; lastKnownFileType = sourcecode.swift; path = SceneDelegate.swift; sourceTree = "<group>"; };
		CBE630CE2777BF8F00CA1E76 /* ViewController.swift */ = {isa = PBXFileReference; lastKnownFileType = sourcecode.swift; path = ViewController.swift; sourceTree = "<group>"; };
		CBE630D12777BF8F00CA1E76 /* Base */ = {isa = PBXFileReference; lastKnownFileType = file.storyboard; name = Base; path = Base.lproj/Main.storyboard; sourceTree = "<group>"; };
		CBE630D32777BF9100CA1E76 /* Assets.xcassets */ = {isa = PBXFileReference; lastKnownFileType = folder.assetcatalog; path = Assets.xcassets; sourceTree = "<group>"; };
		CBE630D62777BF9200CA1E76 /* Base */ = {isa = PBXFileReference; lastKnownFileType = file.storyboard; name = Base; path = Base.lproj/LaunchScreen.storyboard; sourceTree = "<group>"; };
		CBE630D82777BF9200CA1E76 /* Info.plist */ = {isa = PBXFileReference; lastKnownFileType = text.plist.xml; path = Info.plist; sourceTree = "<group>"; };
		CBE630DD2777BF9200CA1E76 /* DetailedTablwViewTests.xctest */ = {isa = PBXFileReference; explicitFileType = wrapper.cfbundle; includeInIndex = 0; path = DetailedTablwViewTests.xctest; sourceTree = BUILT_PRODUCTS_DIR; };
		CBE630E12777BF9200CA1E76 /* DetailedTablwViewTests.swift */ = {isa = PBXFileReference; lastKnownFileType = sourcecode.swift; path = DetailedTablwViewTests.swift; sourceTree = "<group>"; };
		CBE630E72777BF9200CA1E76 /* DetailedTablwViewUITests.xctest */ = {isa = PBXFileReference; explicitFileType = wrapper.cfbundle; includeInIndex = 0; path = DetailedTablwViewUITests.xctest; sourceTree = BUILT_PRODUCTS_DIR; };
		CBE630EB2777BF9200CA1E76 /* DetailedTablwViewUITests.swift */ = {isa = PBXFileReference; lastKnownFileType = sourcecode.swift; path = DetailedTablwViewUITests.swift; sourceTree = "<group>"; };
		CBE630ED2777BF9200CA1E76 /* DetailedTablwViewUITestsLaunchTests.swift */ = {isa = PBXFileReference; lastKnownFileType = sourcecode.swift; path = DetailedTablwViewUITestsLaunchTests.swift; sourceTree = "<group>"; };
		CBE630FC2777C2B600CA1E76 /* Cell.swift */ = {isa = PBXFileReference; lastKnownFileType = sourcecode.swift; path = Cell.swift; sourceTree = "<group>"; };
		CBE630FE2777C6F200CA1E76 /* Meals.swift */ = {isa = PBXFileReference; lastKnownFileType = sourcecode.swift; path = Meals.swift; sourceTree = "<group>"; };
/* End PBXFileReference section */

/* Begin PBXFrameworksBuildPhase section */
		CBE630C42777BF8F00CA1E76 /* Frameworks */ = {
			isa = PBXFrameworksBuildPhase;
			buildActionMask = 2147483647;
			files = (
			);
			runOnlyForDeploymentPostprocessing = 0;
		};
		CBE630DA2777BF9200CA1E76 /* Frameworks */ = {
			isa = PBXFrameworksBuildPhase;
			buildActionMask = 2147483647;
			files = (
			);
			runOnlyForDeploymentPostprocessing = 0;
		};
		CBE630E42777BF9200CA1E76 /* Frameworks */ = {
			isa = PBXFrameworksBuildPhase;
			buildActionMask = 2147483647;
			files = (
			);
			runOnlyForDeploymentPostprocessing = 0;
		};
/* End PBXFrameworksBuildPhase section */

/* Begin PBXGroup section */
		CBE630BE2777BF8F00CA1E76 = {
			isa = PBXGroup;
			children = (
				CBE630C92777BF8F00CA1E76 /* DetailedTablwView */,
				CBE630E02777BF9200CA1E76 /* DetailedTablwViewTests */,
				CBE630EA2777BF9200CA1E76 /* DetailedTablwViewUITests */,
				CBE630C82777BF8F00CA1E76 /* Products */,
			);
			sourceTree = "<group>";
		};
		CBE630C82777BF8F00CA1E76 /* Products */ = {
			isa = PBXGroup;
			children = (
				CBE630C72777BF8F00CA1E76 /* DetailedTablwView.app */,
				CBE630DD2777BF9200CA1E76 /* DetailedTablwViewTests.xctest */,
				CBE630E72777BF9200CA1E76 /* DetailedTablwViewUITests.xctest */,
			);
			name = Products;
			sourceTree = "<group>";
		};
		CBE630C92777BF8F00CA1E76 /* DetailedTablwView */ = {
			isa = PBXGroup;
			children = (
				CBE630CA2777BF8F00CA1E76 /* AppDelegate.swift */,
				CBE630CC2777BF8F00CA1E76 /* SceneDelegate.swift */,
				CBE630CE2777BF8F00CA1E76 /* ViewController.swift */,
				CBE630D02777BF8F00CA1E76 /* Main.storyboard */,
				CBE630D32777BF9100CA1E76 /* Assets.xcassets */,
				CBE630D52777BF9200CA1E76 /* LaunchScreen.storyboard */,
				CBE630D82777BF9200CA1E76 /* Info.plist */,
				CBE630FC2777C2B600CA1E76 /* Cell.swift */,
				CBE630FE2777C6F200CA1E76 /* Meals.swift */,
			);
			path = DetailedTablwView;
			sourceTree = "<group>";
		};
		CBE630E02777BF9200CA1E76 /* DetailedTablwViewTests */ = {
			isa = PBXGroup;
			children = (
				CBE630E12777BF9200CA1E76 /* DetailedTablwViewTests.swift */,
			);
			path = DetailedTablwViewTests;
			sourceTree = "<group>";
		};
		CBE630EA2777BF9200CA1E76 /* DetailedTablwViewUITests */ = {
			isa = PBXGroup;
			children = (
				CBE630EB2777BF9200CA1E76 /* DetailedTablwViewUITests.swift */,
				CBE630ED2777BF9200CA1E76 /* DetailedTablwViewUITestsLaunchTests.swift */,
			);
			path = DetailedTablwViewUITests;
			sourceTree = "<group>";
		};
/* End PBXGroup section */

/* Begin PBXNativeTarget section */
		CBE630C62777BF8F00CA1E76 /* DetailedTablwView */ = {
			isa = PBXNativeTarget;
			buildConfigurationList = CBE630F12777BF9200CA1E76 /* Build configuration list for PBXNativeTarget "DetailedTablwView" */;
			buildPhases = (
				CBE630C32777BF8F00CA1E76 /* Sources */,
				CBE630C42777BF8F00CA1E76 /* Frameworks */,
				CBE630C52777BF8F00CA1E76 /* Resources */,
			);
			buildRules = (
			);
			dependencies = (
			);
			name = DetailedTablwView;
			productName = DetailedTablwView;
			productReference = CBE630C72777BF8F00CA1E76 /* DetailedTablwView.app */;
			productType = "com.apple.product-type.application";
		};
		CBE630DC2777BF9200CA1E76 /* DetailedTablwViewTests */ = {
			isa = PBXNativeTarget;
			buildConfigurationList = CBE630F42777BF9200CA1E76 /* Build configuration list for PBXNativeTarget "DetailedTablwViewTests" */;
			buildPhases = (
				CBE630D92777BF9200CA1E76 /* Sources */,
				CBE630DA2777BF9200CA1E76 /* Frameworks */,
				CBE630DB2777BF9200CA1E76 /* Resources */,
			);
			buildRules = (
			);
			dependencies = (
				CBE630DF2777BF9200CA1E76 /* PBXTargetDependency */,
			);
			name = DetailedTablwViewTests;
			productName = DetailedTablwViewTests;
			productReference = CBE630DD2777BF9200CA1E76 /* DetailedTablwViewTests.xctest */;
			productType = "com.apple.product-type.bundle.unit-test";
		};
		CBE630E62777BF9200CA1E76 /* DetailedTablwViewUITests */ = {
			isa = PBXNativeTarget;
			buildConfigurationList = CBE630F72777BF9200CA1E76 /* Build configuration list for PBXNativeTarget "DetailedTablwViewUITests" */;
			buildPhases = (
				CBE630E32777BF9200CA1E76 /* Sources */,
				CBE630E42777BF9200CA1E76 /* Frameworks */,
				CBE630E52777BF9200CA1E76 /* Resources */,
			);
			buildRules = (
			);
			dependencies = (
				CBE630E92777BF9200CA1E76 /* PBXTargetDependency */,
			);
			name = DetailedTablwViewUITests;
			productName = DetailedTablwViewUITests;
			productReference = CBE630E72777BF9200CA1E76 /* DetailedTablwViewUITests.xctest */;
			productType = "com.apple.product-type.bundle.ui-testing";
		};
/* End PBXNativeTarget section */

/* Begin PBXProject section */
		CBE630BF2777BF8F00CA1E76 /* Project object */ = {
			isa = PBXProject;
			attributes = {
				BuildIndependentTargetsInParallel = 1;
				LastSwiftUpdateCheck = 1310;
				LastUpgradeCheck = 1310;
				TargetAttributes = {
					CBE630C62777BF8F00CA1E76 = {
						CreatedOnToolsVersion = 13.1;
					};
					CBE630DC2777BF9200CA1E76 = {
						CreatedOnToolsVersion = 13.1;
						TestTargetID = CBE630C62777BF8F00CA1E76;
					};
					CBE630E62777BF9200CA1E76 = {
						CreatedOnToolsVersion = 13.1;
						TestTargetID = CBE630C62777BF8F00CA1E76;
					};
				};
			};
			buildConfigurationList = CBE630C22777BF8F00CA1E76 /* Build configuration list for PBXProject "DetailedTablwView" */;
			compatibilityVersion = "Xcode 13.0";
			developmentRegion = en;
			hasScannedForEncodings = 0;
			knownRegions = (
				en,
				Base,
			);
			mainGroup = CBE630BE2777BF8F00CA1E76;
			productRefGroup = CBE630C82777BF8F00CA1E76 /* Products */;
			projectDirPath = "";
			projectRoot = "";
			targets = (
				CBE630C62777BF8F00CA1E76 /* DetailedTablwView */,
				CBE630DC2777BF9200CA1E76 /* DetailedTablwViewTests */,
				CBE630E62777BF9200CA1E76 /* DetailedTablwViewUITests */,
			);
		};
/* End PBXProject section */

/* Begin PBXResourcesBuildPhase section */
		CBE630C52777BF8F00CA1E76 /* Resources */ = {
			isa = PBXResourcesBuildPhase;
			buildActionMask = 2147483647;
			files = (
				CBE630D72777BF9200CA1E76 /* LaunchScreen.storyboard in Resources */,
				CBE630D42777BF9100CA1E76 /* Assets.xcassets in Resources */,
				CBE630D22777BF8F00CA1E76 /* Main.storyboard in Resources */,
			);
			runOnlyForDeploymentPostprocessing = 0;
		};
		CBE630DB2777BF9200CA1E76 /* Resources */ = {
			isa = PBXResourcesBuildPhase;
			buildActionMask = 2147483647;
			files = (
			);
			runOnlyForDeploymentPostprocessing = 0;
		};
		CBE630E52777BF9200CA1E76 /* Resources */ = {
			isa = PBXResourcesBuildPhase;
			buildActionMask = 2147483647;
			files = (
			);
			runOnlyForDeploymentPostprocessing = 0;
		};
/* End PBXResourcesBuildPhase section */

/* Begin PBXSourcesBuildPhase section */
		CBE630C32777BF8F00CA1E76 /* Sources */ = {
			isa = PBXSourcesBuildPhase;
			buildActionMask = 2147483647;
			files = (
				CBE630CF2777BF8F00CA1E76 /* ViewController.swift in Sources */,
				CBE630CB2777BF8F00CA1E76 /* AppDelegate.swift in Sources */,
				CBE630FD2777C2B600CA1E76 /* Cell.swift in Sources */,
				CBE630CD2777BF8F00CA1E76 /* SceneDelegate.swift in Sources */,
				CBE630FF2777C6F200CA1E76 /* Meals.swift in Sources */,
			);
			runOnlyForDeploymentPostprocessing = 0;
		};
		CBE630D92777BF9200CA1E76 /* Sources */ = {
			isa = PBXSourcesBuildPhase;
			buildActionMask = 2147483647;
			files = (
				CBE630E22777BF9200CA1E76 /* DetailedTablwViewTests.swift in Sources */,
			);
			runOnlyForDeploymentPostprocessing = 0;
		};
		CBE630E32777BF9200CA1E76 /* Sources */ = {
			isa = PBXSourcesBuildPhase;
			buildActionMask = 2147483647;
			files = (
				CBE630EE2777BF9200CA1E76 /* DetailedTablwViewUITestsLaunchTests.swift in Sources */,
				CBE630EC2777BF9200CA1E76 /* DetailedTablwViewUITests.swift in Sources */,
			);
			runOnlyForDeploymentPostprocessing = 0;
		};
/* End PBXSourcesBuildPhase section */

/* Begin PBXTargetDependency section */
		CBE630DF2777BF9200CA1E76 /* PBXTargetDependency */ = {
			isa = PBXTargetDependency;
			target = CBE630C62777BF8F00CA1E76 /* DetailedTablwView */;
			targetProxy = CBE630DE2777BF9200CA1E76 /* PBXContainerItemProxy */;
		};
		CBE630E92777BF9200CA1E76 /* PBXTargetDependency */ = {
			isa = PBXTargetDependency;
			target = CBE630C62777BF8F00CA1E76 /* DetailedTablwView */;
			targetProxy = CBE630E82777BF9200CA1E76 /* PBXContainerItemProxy */;
		};
/* End PBXTargetDependency section */

/* Begin PBXVariantGroup section */
		CBE630D02777BF8F00CA1E76 /* Main.storyboard */ = {
			isa = PBXVariantGroup;
			children = (
				CBE630D12777BF8F00CA1E76 /* Base */,
			);
			name = Main.storyboard;
			sourceTree = "<group>";
		};
		CBE630D52777BF9200CA1E76 /* LaunchScreen.storyboard */ = {
			isa = PBXVariantGroup;
			children = (
				CBE630D62777BF9200CA1E76 /* Base */,
			);
			name = LaunchScreen.storyboard;
			sourceTree = "<group>";
		};
/* End PBXVariantGroup section */

/* Begin XCBuildConfiguration section */
		CBE630EF2777BF9200CA1E76 /* Debug */ = {
			isa = XCBuildConfiguration;
			buildSettings = {
				ALWAYS_SEARCH_USER_PATHS = NO;
				CLANG_ANALYZER_NONNULL = YES;
				CLANG_ANALYZER_NUMBER_OBJECT_CONVERSION = YES_AGGRESSIVE;
				CLANG_CXX_LANGUAGE_STANDARD = "gnu++17";
				CLANG_CXX_LIBRARY = "libc++";
				CLANG_ENABLE_MODULES = YES;
				CLANG_ENABLE_OBJC_ARC = YES;
				CLANG_ENABLE_OBJC_WEAK = YES;
				CLANG_WARN_BLOCK_CAPTURE_AUTORELEASING = YES;
				CLANG_WARN_BOOL_CONVERSION = YES;
				CLANG_WARN_COMMA = YES;
				CLANG_WARN_CONSTANT_CONVERSION = YES;
				CLANG_WARN_DEPRECATED_OBJC_IMPLEMENTATIONS = YES;
				CLANG_WARN_DIRECT_OBJC_ISA_USAGE = YES_ERROR;
				CLANG_WARN_DOCUMENTATION_COMMENTS = YES;
				CLANG_WARN_EMPTY_BODY = YES;
				CLANG_WARN_ENUM_CONVERSION = YES;
				CLANG_WARN_INFINITE_RECURSION = YES;
				CLANG_WARN_INT_CONVERSION = YES;
				CLANG_WARN_NON_LITERAL_NULL_CONVERSION = YES;
				CLANG_WARN_OBJC_IMPLICIT_RETAIN_SELF = YES;
				CLANG_WARN_OBJC_LITERAL_CONVERSION = YES;
				CLANG_WARN_OBJC_ROOT_CLASS = YES_ERROR;
				CLANG_WARN_QUOTED_INCLUDE_IN_FRAMEWORK_HEADER = YES;
				CLANG_WARN_RANGE_LOOP_ANALYSIS = YES;
				CLANG_WARN_STRICT_PROTOTYPES = YES;
				CLANG_WARN_SUSPICIOUS_MOVE = YES;
				CLANG_WARN_UNGUARDED_AVAILABILITY = YES_AGGRESSIVE;
				CLANG_WARN_UNREACHABLE_CODE = YES;
				CLANG_WARN__DUPLICATE_METHOD_MATCH = YES;
				COPY_PHASE_STRIP = NO;
				DEBUG_INFORMATION_FORMAT = dwarf;
				ENABLE_STRICT_OBJC_MSGSEND = YES;
				ENABLE_TESTABILITY = YES;
				GCC_C_LANGUAGE_STANDARD = gnu11;
				GCC_DYNAMIC_NO_PIC = NO;
				GCC_NO_COMMON_BLOCKS = YES;
				GCC_OPTIMIZATION_LEVEL = 0;
				GCC_PREPROCESSOR_DEFINITIONS = (
					"DEBUG=1",
					"$(inherited)",
				);
				GCC_WARN_64_TO_32_BIT_CONVERSION = YES;
				GCC_WARN_ABOUT_RETURN_TYPE = YES_ERROR;
				GCC_WARN_UNDECLARED_SELECTOR = YES;
				GCC_WARN_UNINITIALIZED_AUTOS = YES_AGGRESSIVE;
				GCC_WARN_UNUSED_FUNCTION = YES;
				GCC_WARN_UNUSED_VARIABLE = YES;
				IPHONEOS_DEPLOYMENT_TARGET = 15.0;
				MTL_ENABLE_DEBUG_INFO = INCLUDE_SOURCE;
				MTL_FAST_MATH = YES;
				ONLY_ACTIVE_ARCH = YES;
				SDKROOT = iphoneos;
				SWIFT_ACTIVE_COMPILATION_CONDITIONS = DEBUG;
				SWIFT_OPTIMIZATION_LEVEL = "-Onone";
			};
			name = Debug;
		};
		CBE630F02777BF9200CA1E76 /* Release */ = {
			isa = XCBuildConfiguration;
			buildSettings = {
				ALWAYS_SEARCH_USER_PATHS = NO;
				CLANG_ANALYZER_NONNULL = YES;
				CLANG_ANALYZER_NUMBER_OBJECT_CONVERSION = YES_AGGRESSIVE;
				CLANG_CXX_LANGUAGE_STANDARD = "gnu++17";
				CLANG_CXX_LIBRARY = "libc++";
				CLANG_ENABLE_MODULES = YES;
				CLANG_ENABLE_OBJC_ARC = YES;
				CLANG_ENABLE_OBJC_WEAK = YES;
				CLANG_WARN_BLOCK_CAPTURE_AUTORELEASING = YES;
				CLANG_WARN_BOOL_CONVERSION = YES;
				CLANG_WARN_COMMA = YES;
				CLANG_WARN_CONSTANT_CONVERSION = YES;
				CLANG_WARN_DEPRECATED_OBJC_IMPLEMENTATIONS = YES;
				CLANG_WARN_DIRECT_OBJC_ISA_USAGE = YES_ERROR;
				CLANG_WARN_DOCUMENTATION_COMMENTS = YES;
				CLANG_WARN_EMPTY_BODY = YES;
				CLANG_WARN_ENUM_CONVERSION = YES;
				CLANG_WARN_INFINITE_RECURSION = YES;
				CLANG_WARN_INT_CONVERSION = YES;
				CLANG_WARN_NON_LITERAL_NULL_CONVERSION = YES;
				CLANG_WARN_OBJC_IMPLICIT_RETAIN_SELF = YES;
				CLANG_WARN_OBJC_LITERAL_CONVERSION = YES;
				CLANG_WARN_OBJC_ROOT_CLASS = YES_ERROR;
				CLANG_WARN_QUOTED_INCLUDE_IN_FRAMEWORK_HEADER = YES;
				CLANG_WARN_RANGE_LOOP_ANALYSIS = YES;
				CLANG_WARN_STRICT_PROTOTYPES = YES;
				CLANG_WARN_SUSPICIOUS_MOVE = YES;
				CLANG_WARN_UNGUARDED_AVAILABILITY = YES_AGGRESSIVE;
				CLANG_WARN_UNREACHABLE_CODE = YES;
				CLANG_WARN__DUPLICATE_METHOD_MATCH = YES;
				COPY_PHASE_STRIP = NO;
				DEBUG_INFORMATION_FORMAT = "dwarf-with-dsym";
				ENABLE_NS_ASSERTIONS = NO;
				ENABLE_STRICT_OBJC_MSGSEND = YES;
				GCC_C_LANGUAGE_STANDARD = gnu11;
				GCC_NO_COMMON_BLOCKS = YES;
				GCC_WARN_64_TO_32_BIT_CONVERSION = YES;
				GCC_WARN_ABOUT_RETURN_TYPE = YES_ERROR;
				GCC_WARN_UNDECLARED_SELECTOR = YES;
				GCC_WARN_UNINITIALIZED_AUTOS = YES_AGGRESSIVE;
				GCC_WARN_UNUSED_FUNCTION = YES;
				GCC_WARN_UNUSED_VARIABLE = YES;
				IPHONEOS_DEPLOYMENT_TARGET = 15.0;
				MTL_ENABLE_DEBUG_INFO = NO;
				MTL_FAST_MATH = YES;
				SDKROOT = iphoneos;
				SWIFT_COMPILATION_MODE = wholemodule;
				SWIFT_OPTIMIZATION_LEVEL = "-O";
				VALIDATE_PRODUCT = YES;
			};
			name = Release;
		};
		CBE630F22777BF9200CA1E76 /* Debug */ = {
			isa = XCBuildConfiguration;
			buildSettings = {
				ASSETCATALOG_COMPILER_APPICON_NAME = AppIcon;
				ASSETCATALOG_COMPILER_GLOBAL_ACCENT_COLOR_NAME = AccentColor;
				CODE_SIGN_STYLE = Automatic;
				CURRENT_PROJECT_VERSION = 1;
				GENERATE_INFOPLIST_FILE = YES;
				INFOPLIST_FILE = DetailedTablwView/Info.plist;
				INFOPLIST_KEY_UIApplicationSupportsIndirectInputEvents = YES;
				INFOPLIST_KEY_UILaunchStoryboardName = LaunchScreen;
				INFOPLIST_KEY_UIMainStoryboardFile = Main;
				INFOPLIST_KEY_UISupportedInterfaceOrientations_iPad = "UIInterfaceOrientationPortrait UIInterfaceOrientationPortraitUpsideDown UIInterfaceOrientationLandscapeLeft UIInterfaceOrientationLandscapeRight";
				INFOPLIST_KEY_UISupportedInterfaceOrientations_iPhone = "UIInterfaceOrientationPortrait UIInterfaceOrientationLandscapeLeft UIInterfaceOrientationLandscapeRight";
				LD_RUNPATH_SEARCH_PATHS = (
					"$(inherited)",
					"@executable_path/Frameworks",
				);
				MARKETING_VERSION = 1.0;
				PRODUCT_BUNDLE_IDENTIFIER = c.DetailedTablwView;
				PRODUCT_NAME = "$(TARGET_NAME)";
				SWIFT_EMIT_LOC_STRINGS = YES;
				SWIFT_VERSION = 5.0;
				TARGETED_DEVICE_FAMILY = "1,2";
			};
			name = Debug;
		};
		CBE630F32777BF9200CA1E76 /* Release */ = {
			isa = XCBuildConfiguration;
			buildSettings = {
				ASSETCATALOG_COMPILER_APPICON_NAME = AppIcon;
				ASSETCATALOG_COMPILER_GLOBAL_ACCENT_COLOR_NAME = AccentColor;
				CODE_SIGN_STYLE = Automatic;
				CURRENT_PROJECT_VERSION = 1;
				GENERATE_INFOPLIST_FILE = YES;
				INFOPLIST_FILE = DetailedTablwView/Info.plist;
				INFOPLIST_KEY_UIApplicationSupportsIndirectInputEvents = YES;
				INFOPLIST_KEY_UILaunchStoryboardName = LaunchScreen;
				INFOPLIST_KEY_UIMainStoryboardFile = Main;
				INFOPLIST_KEY_UISupportedInterfaceOrientations_iPad = "UIInterfaceOrientationPortrait UIInterfaceOrientationPortraitUpsideDown UIInterfaceOrientationLandscapeLeft UIInterfaceOrientationLandscapeRight";
				INFOPLIST_KEY_UISupportedInterfaceOrientations_iPhone = "UIInterfaceOrientationPortrait UIInterfaceOrientationLandscapeLeft UIInterfaceOrientationLandscapeRight";
				LD_RUNPATH_SEARCH_PATHS = (
					"$(inherited)",
					"@executable_path/Frameworks",
				);
				MARKETING_VERSION = 1.0;
				PRODUCT_BUNDLE_IDENTIFIER = c.DetailedTablwView;
				PRODUCT_NAME = "$(TARGET_NAME)";
				SWIFT_EMIT_LOC_STRINGS = YES;
				SWIFT_VERSION = 5.0;
				TARGETED_DEVICE_FAMILY = "1,2";
			};
			name = Release;
		};
		CBE630F52777BF9200CA1E76 /* Debug */ = {
			isa = XCBuildConfiguration;
			buildSettings = {
				ALWAYS_EMBED_SWIFT_STANDARD_LIBRARIES = YES;
				BUNDLE_LOADER = "$(TEST_HOST)";
				CODE_SIGN_STYLE = Automatic;
				CURRENT_PROJECT_VERSION = 1;
				GENERATE_INFOPLIST_FILE = YES;
				IPHONEOS_DEPLOYMENT_TARGET = 15.0;
				LD_RUNPATH_SEARCH_PATHS = (
					"$(inherited)",
					"@executable_path/Frameworks",
					"@loader_path/Frameworks",
				);
				MARKETING_VERSION = 1.0;
				PRODUCT_BUNDLE_IDENTIFIER = c.DetailedTablwViewTests;
				PRODUCT_NAME = "$(TARGET_NAME)";
				SWIFT_EMIT_LOC_STRINGS = NO;
				SWIFT_VERSION = 5.0;
				TARGETED_DEVICE_FAMILY = "1,2";
				TEST_HOST = "$(BUILT_PRODUCTS_DIR)/DetailedTablwView.app/DetailedTablwView";
			};
			name = Debug;
		};
		CBE630F62777BF9200CA1E76 /* Release */ = {
			isa = XCBuildConfiguration;
			buildSettings = {
				ALWAYS_EMBED_SWIFT_STANDARD_LIBRARIES = YES;
				BUNDLE_LOADER = "$(TEST_HOST)";
				CODE_SIGN_STYLE = Automatic;
				CURRENT_PROJECT_VERSION = 1;
				GENERATE_INFOPLIST_FILE = YES;
				IPHONEOS_DEPLOYMENT_TARGET = 15.0;
				LD_RUNPATH_SEARCH_PATHS = (
					"$(inherited)",
					"@executable_path/Frameworks",
					"@loader_path/Frameworks",
				);
				MARKETING_VERSION = 1.0;
				PRODUCT_BUNDLE_IDENTIFIER = c.DetailedTablwViewTests;
				PRODUCT_NAME = "$(TARGET_NAME)";
				SWIFT_EMIT_LOC_STRINGS = NO;
				SWIFT_VERSION = 5.0;
				TARGETED_DEVICE_FAMILY = "1,2";
				TEST_HOST = "$(BUILT_PRODUCTS_DIR)/DetailedTablwView.app/DetailedTablwView";
			};
			name = Release;
		};
		CBE630F82777BF9200CA1E76 /* Debug */ = {
			isa = XCBuildConfiguration;
			buildSettings = {
				ALWAYS_EMBED_SWIFT_STANDARD_LIBRARIES = YES;
				CODE_SIGN_STYLE = Automatic;
				CURRENT_PROJECT_VERSION = 1;
				GENERATE_INFOPLIST_FILE = YES;
				LD_RUNPATH_SEARCH_PATHS = (
					"$(inherited)",
					"@executable_path/Frameworks",
					"@loader_path/Frameworks",
				);
				MARKETING_VERSION = 1.0;
				PRODUCT_BUNDLE_IDENTIFIER = c.DetailedTablwViewUITests;
				PRODUCT_NAME = "$(TARGET_NAME)";
				SWIFT_EMIT_LOC_STRINGS = NO;
				SWIFT_VERSION = 5.0;
				TARGETED_DEVICE_FAMILY = "1,2";
				TEST_TARGET_NAME = DetailedTablwView;
			};
			name = Debug;
		};
		CBE630F92777BF9200CA1E76 /* Release */ = {
			isa = XCBuildConfiguration;
			buildSettings = {
				ALWAYS_EMBED_SWIFT_STANDARD_LIBRARIES = YES;
				CODE_SIGN_STYLE = Automatic;
				CURRENT_PROJECT_VERSION = 1;
				GENERATE_INFOPLIST_FILE = YES;
				LD_RUNPATH_SEARCH_PATHS = (
					"$(inherited)",
					"@executable_path/Frameworks",
					"@loader_path/Frameworks",
				);
				MARKETING_VERSION = 1.0;
				PRODUCT_BUNDLE_IDENTIFIER = c.DetailedTablwViewUITests;
				PRODUCT_NAME = "$(TARGET_NAME)";
				SWIFT_EMIT_LOC_STRINGS = NO;
				SWIFT_VERSION = 5.0;
				TARGETED_DEVICE_FAMILY = "1,2";
				TEST_TARGET_NAME = DetailedTablwView;
			};
			name = Release;
		};
/* End XCBuildConfiguration section */

/* Begin XCConfigurationList section */
		CBE630C22777BF8F00CA1E76 /* Build configuration list for PBXProject "DetailedTablwView" */ = {
			isa = XCConfigurationList;
			buildConfigurations = (
				CBE630EF2777BF9200CA1E76 /* Debug */,
				CBE630F02777BF9200CA1E76 /* Release */,
			);
			defaultConfigurationIsVisible = 0;
			defaultConfigurationName = Release;
		};
		CBE630F12777BF9200CA1E76 /* Build configuration list for PBXNativeTarget "DetailedTablwView" */ = {
			isa = XCConfigurationList;
			buildConfigurations = (
				CBE630F22777BF9200CA1E76 /* Debug */,
				CBE630F32777BF9200CA1E76 /* Release */,
			);
			defaultConfigurationIsVisible = 0;
			defaultConfigurationName = Release;
		};
		CBE630F42777BF9200CA1E76 /* Build configuration list for PBXNativeTarget "DetailedTablwViewTests" */ = {
			isa = XCConfigurationList;
			buildConfigurations = (
				CBE630F52777BF9200CA1E76 /* Debug */,
				CBE630F62777BF9200CA1E76 /* Release */,
			);
			defaultConfigurationIsVisible = 0;
			defaultConfigurationName = Release;
		};
		CBE630F72777BF9200CA1E76 /* Build configuration list for PBXNativeTarget "DetailedTablwViewUITests" */ = {
			isa = XCConfigurationList;
			buildConfigurations = (
				CBE630F82777BF9200CA1E76 /* Debug */,
				CBE630F92777BF9200CA1E76 /* Release */,
			);
			defaultConfigurationIsVisible = 0;
			defaultConfigurationName = Release;
		};
/* End XCConfigurationList section */
	};
	rootObject = CBE630BF2777BF8F00CA1E76 /* Project object */;
}
