// !$*UTF8*$!
{
	archiveVersion = 1;
	classes = {
	};
	objectVersion = 55;
	objects = {

/* Begin PBXBuildFile section */
		CBEB99A32785B0AB00E3BFD9 /* AppDelegate.swift in Sources */ = {isa = PBXBuildFile; fileRef = CBEB99A22785B0AB00E3BFD9 /* AppDelegate.swift */; };
		CBEB99A52785B0AB00E3BFD9 /* SceneDelegate.swift in Sources */ = {isa = PBXBuildFile; fileRef = CBEB99A42785B0AB00E3BFD9 /* SceneDelegate.swift */; };
		CBEB99A72785B0AB00E3BFD9 /* ViewController.swift in Sources */ = {isa = PBXBuildFile; fileRef = CBEB99A62785B0AB00E3BFD9 /* ViewController.swift */; };
		CBEB99AA2785B0AB00E3BFD9 /* Main.storyboard in Resources */ = {isa = PBXBuildFile; fileRef = CBEB99A82785B0AB00E3BFD9 /* Main.storyboard */; };
		CBEB99AC2785B0AF00E3BFD9 /* Assets.xcassets in Resources */ = {isa = PBXBuildFile; fileRef = CBEB99AB2785B0AF00E3BFD9 /* Assets.xcassets */; };
		CBEB99AF2785B0AF00E3BFD9 /* LaunchScreen.storyboard in Resources */ = {isa = PBXBuildFile; fileRef = CBEB99AD2785B0AF00E3BFD9 /* LaunchScreen.storyboard */; };
		CBEB99BA2785B0B000E3BFD9 /* BildirimIzniAlmaTests.swift in Sources */ = {isa = PBXBuildFile; fileRef = CBEB99B92785B0B000E3BFD9 /* BildirimIzniAlmaTests.swift */; };
		CBEB99C42785B0B000E3BFD9 /* BildirimIzniAlmaUITests.swift in Sources */ = {isa = PBXBuildFile; fileRef = CBEB99C32785B0B000E3BFD9 /* BildirimIzniAlmaUITests.swift */; };
		CBEB99C62785B0B000E3BFD9 /* BildirimIzniAlmaUITestsLaunchTests.swift in Sources */ = {isa = PBXBuildFile; fileRef = CBEB99C52785B0B000E3BFD9 /* BildirimIzniAlmaUITestsLaunchTests.swift */; };
/* End PBXBuildFile section */

/* Begin PBXContainerItemProxy section */
		CBEB99B62785B0B000E3BFD9 /* PBXContainerItemProxy */ = {
			isa = PBXContainerItemProxy;
			containerPortal = CBEB99972785B0AB00E3BFD9 /* Project object */;
			proxyType = 1;
			remoteGlobalIDString = CBEB999E2785B0AB00E3BFD9;
			remoteInfo = BildirimIzniAlma;
		};
		CBEB99C02785B0B000E3BFD9 /* PBXContainerItemProxy */ = {
			isa = PBXContainerItemProxy;
			containerPortal = CBEB99972785B0AB00E3BFD9 /* Project object */;
			proxyType = 1;
			remoteGlobalIDString = CBEB999E2785B0AB00E3BFD9;
			remoteInfo = BildirimIzniAlma;
		};
/* End PBXContainerItemProxy section */

/* Begin PBXFileReference section */
		CBEB999F2785B0AB00E3BFD9 /* BildirimIzniAlma.app */ = {isa = PBXFileReference; explicitFileType = wrapper.application; includeInIndex = 0; path = BildirimIzniAlma.app; sourceTree = BUILT_PRODUCTS_DIR; };
		CBEB99A22785B0AB00E3BFD9 /* AppDelegate.swift */ = {isa = PBXFileReference; lastKnownFileType = sourcecode.swift; path = AppDelegate.swift; sourceTree = "<group>"; };
		CBEB99A42785B0AB00E3BFD9 /* SceneDelegate.swift */ = {isa = PBXFileReference; lastKnownFileType = sourcecode.swift; path = SceneDelegate.swift; sourceTree = "<group>"; };
		CBEB99A62785B0AB00E3BFD9 /* ViewController.swift */ = {isa = PBXFileReference; lastKnownFileType = sourcecode.swift; path = ViewController.swift; sourceTree = "<group>"; };
		CBEB99A92785B0AB00E3BFD9 /* Base */ = {isa = PBXFileReference; lastKnownFileType = file.storyboard; name = Base; path = Base.lproj/Main.storyboard; sourceTree = "<group>"; };
		CBEB99AB2785B0AF00E3BFD9 /* Assets.xcassets */ = {isa = PBXFileReference; lastKnownFileType = folder.assetcatalog; path = Assets.xcassets; sourceTree = "<group>"; };
		CBEB99AE2785B0AF00E3BFD9 /* Base */ = {isa = PBXFileReference; lastKnownFileType = file.storyboard; name = Base; path = Base.lproj/LaunchScreen.storyboard; sourceTree = "<group>"; };
		CBEB99B02785B0AF00E3BFD9 /* Info.plist */ = {isa = PBXFileReference; lastKnownFileType = text.plist.xml; path = Info.plist; sourceTree = "<group>"; };
		CBEB99B52785B0B000E3BFD9 /* BildirimIzniAlmaTests.xctest */ = {isa = PBXFileReference; explicitFileType = wrapper.cfbundle; includeInIndex = 0; path = BildirimIzniAlmaTests.xctest; sourceTree = BUILT_PRODUCTS_DIR; };
		CBEB99B92785B0B000E3BFD9 /* BildirimIzniAlmaTests.swift */ = {isa = PBXFileReference; lastKnownFileType = sourcecode.swift; path = BildirimIzniAlmaTests.swift; sourceTree = "<group>"; };
		CBEB99BF2785B0B000E3BFD9 /* BildirimIzniAlmaUITests.xctest */ = {isa = PBXFileReference; explicitFileType = wrapper.cfbundle; includeInIndex = 0; path = BildirimIzniAlmaUITests.xctest; sourceTree = BUILT_PRODUCTS_DIR; };
		CBEB99C32785B0B000E3BFD9 /* BildirimIzniAlmaUITests.swift */ = {isa = PBXFileReference; lastKnownFileType = sourcecode.swift; path = BildirimIzniAlmaUITests.swift; sourceTree = "<group>"; };
		CBEB99C52785B0B000E3BFD9 /* BildirimIzniAlmaUITestsLaunchTests.swift */ = {isa = PBXFileReference; lastKnownFileType = sourcecode.swift; path = BildirimIzniAlmaUITestsLaunchTests.swift; sourceTree = "<group>"; };
/* End PBXFileReference section */

/* Begin PBXFrameworksBuildPhase section */
		CBEB999C2785B0AB00E3BFD9 /* Frameworks */ = {
			isa = PBXFrameworksBuildPhase;
			buildActionMask = 2147483647;
			files = (
			);
			runOnlyForDeploymentPostprocessing = 0;
		};
		CBEB99B22785B0B000E3BFD9 /* Frameworks */ = {
			isa = PBXFrameworksBuildPhase;
			buildActionMask = 2147483647;
			files = (
			);
			runOnlyForDeploymentPostprocessing = 0;
		};
		CBEB99BC2785B0B000E3BFD9 /* Frameworks */ = {
			isa = PBXFrameworksBuildPhase;
			buildActionMask = 2147483647;
			files = (
			);
			runOnlyForDeploymentPostprocessing = 0;
		};
/* End PBXFrameworksBuildPhase section */

/* Begin PBXGroup section */
		CBEB99962785B0AB00E3BFD9 = {
			isa = PBXGroup;
			children = (
				CBEB99A12785B0AB00E3BFD9 /* BildirimIzniAlma */,
				CBEB99B82785B0B000E3BFD9 /* BildirimIzniAlmaTests */,
				CBEB99C22785B0B000E3BFD9 /* BildirimIzniAlmaUITests */,
				CBEB99A02785B0AB00E3BFD9 /* Products */,
			);
			sourceTree = "<group>";
		};
		CBEB99A02785B0AB00E3BFD9 /* Products */ = {
			isa = PBXGroup;
			children = (
				CBEB999F2785B0AB00E3BFD9 /* BildirimIzniAlma.app */,
				CBEB99B52785B0B000E3BFD9 /* BildirimIzniAlmaTests.xctest */,
				CBEB99BF2785B0B000E3BFD9 /* BildirimIzniAlmaUITests.xctest */,
			);
			name = Products;
			sourceTree = "<group>";
		};
		CBEB99A12785B0AB00E3BFD9 /* BildirimIzniAlma */ = {
			isa = PBXGroup;
			children = (
				CBEB99A22785B0AB00E3BFD9 /* AppDelegate.swift */,
				CBEB99A42785B0AB00E3BFD9 /* SceneDelegate.swift */,
				CBEB99A62785B0AB00E3BFD9 /* ViewController.swift */,
				CBEB99A82785B0AB00E3BFD9 /* Main.storyboard */,
				CBEB99AB2785B0AF00E3BFD9 /* Assets.xcassets */,
				CBEB99AD2785B0AF00E3BFD9 /* LaunchScreen.storyboard */,
				CBEB99B02785B0AF00E3BFD9 /* Info.plist */,
			);
			path = BildirimIzniAlma;
			sourceTree = "<group>";
		};
		CBEB99B82785B0B000E3BFD9 /* BildirimIzniAlmaTests */ = {
			isa = PBXGroup;
			children = (
				CBEB99B92785B0B000E3BFD9 /* BildirimIzniAlmaTests.swift */,
			);
			path = BildirimIzniAlmaTests;
			sourceTree = "<group>";
		};
		CBEB99C22785B0B000E3BFD9 /* BildirimIzniAlmaUITests */ = {
			isa = PBXGroup;
			children = (
				CBEB99C32785B0B000E3BFD9 /* BildirimIzniAlmaUITests.swift */,
				CBEB99C52785B0B000E3BFD9 /* BildirimIzniAlmaUITestsLaunchTests.swift */,
			);
			path = BildirimIzniAlmaUITests;
			sourceTree = "<group>";
		};
/* End PBXGroup section */

/* Begin PBXNativeTarget section */
		CBEB999E2785B0AB00E3BFD9 /* BildirimIzniAlma */ = {
			isa = PBXNativeTarget;
			buildConfigurationList = CBEB99C92785B0B000E3BFD9 /* Build configuration list for PBXNativeTarget "BildirimIzniAlma" */;
			buildPhases = (
				CBEB999B2785B0AB00E3BFD9 /* Sources */,
				CBEB999C2785B0AB00E3BFD9 /* Frameworks */,
				CBEB999D2785B0AB00E3BFD9 /* Resources */,
			);
			buildRules = (
			);
			dependencies = (
			);
			name = BildirimIzniAlma;
			productName = BildirimIzniAlma;
			productReference = CBEB999F2785B0AB00E3BFD9 /* BildirimIzniAlma.app */;
			productType = "com.apple.product-type.application";
		};
		CBEB99B42785B0B000E3BFD9 /* BildirimIzniAlmaTests */ = {
			isa = PBXNativeTarget;
			buildConfigurationList = CBEB99CC2785B0B000E3BFD9 /* Build configuration list for PBXNativeTarget "BildirimIzniAlmaTests" */;
			buildPhases = (
				CBEB99B12785B0B000E3BFD9 /* Sources */,
				CBEB99B22785B0B000E3BFD9 /* Frameworks */,
				CBEB99B32785B0B000E3BFD9 /* Resources */,
			);
			buildRules = (
			);
			dependencies = (
				CBEB99B72785B0B000E3BFD9 /* PBXTargetDependency */,
			);
			name = BildirimIzniAlmaTests;
			productName = BildirimIzniAlmaTests;
			productReference = CBEB99B52785B0B000E3BFD9 /* BildirimIzniAlmaTests.xctest */;
			productType = "com.apple.product-type.bundle.unit-test";
		};
		CBEB99BE2785B0B000E3BFD9 /* BildirimIzniAlmaUITests */ = {
			isa = PBXNativeTarget;
			buildConfigurationList = CBEB99CF2785B0B000E3BFD9 /* Build configuration list for PBXNativeTarget "BildirimIzniAlmaUITests" */;
			buildPhases = (
				CBEB99BB2785B0B000E3BFD9 /* Sources */,
				CBEB99BC2785B0B000E3BFD9 /* Frameworks */,
				CBEB99BD2785B0B000E3BFD9 /* Resources */,
			);
			buildRules = (
			);
			dependencies = (
				CBEB99C12785B0B000E3BFD9 /* PBXTargetDependency */,
			);
			name = BildirimIzniAlmaUITests;
			productName = BildirimIzniAlmaUITests;
			productReference = CBEB99BF2785B0B000E3BFD9 /* BildirimIzniAlmaUITests.xctest */;
			productType = "com.apple.product-type.bundle.ui-testing";
		};
/* End PBXNativeTarget section */

/* Begin PBXProject section */
		CBEB99972785B0AB00E3BFD9 /* Project object */ = {
			isa = PBXProject;
			attributes = {
				BuildIndependentTargetsInParallel = 1;
				LastSwiftUpdateCheck = 1310;
				LastUpgradeCheck = 1310;
				TargetAttributes = {
					CBEB999E2785B0AB00E3BFD9 = {
						CreatedOnToolsVersion = 13.1;
					};
					CBEB99B42785B0B000E3BFD9 = {
						CreatedOnToolsVersion = 13.1;
						TestTargetID = CBEB999E2785B0AB00E3BFD9;
					};
					CBEB99BE2785B0B000E3BFD9 = {
						CreatedOnToolsVersion = 13.1;
						TestTargetID = CBEB999E2785B0AB00E3BFD9;
					};
				};
			};
			buildConfigurationList = CBEB999A2785B0AB00E3BFD9 /* Build configuration list for PBXProject "BildirimIzniAlma" */;
			compatibilityVersion = "Xcode 13.0";
			developmentRegion = en;
			hasScannedForEncodings = 0;
			knownRegions = (
				en,
				Base,
			);
			mainGroup = CBEB99962785B0AB00E3BFD9;
			productRefGroup = CBEB99A02785B0AB00E3BFD9 /* Products */;
			projectDirPath = "";
			projectRoot = "";
			targets = (
				CBEB999E2785B0AB00E3BFD9 /* BildirimIzniAlma */,
				CBEB99B42785B0B000E3BFD9 /* BildirimIzniAlmaTests */,
				CBEB99BE2785B0B000E3BFD9 /* BildirimIzniAlmaUITests */,
			);
		};
/* End PBXProject section */

/* Begin PBXResourcesBuildPhase section */
		CBEB999D2785B0AB00E3BFD9 /* Resources */ = {
			isa = PBXResourcesBuildPhase;
			buildActionMask = 2147483647;
			files = (
				CBEB99AF2785B0AF00E3BFD9 /* LaunchScreen.storyboard in Resources */,
				CBEB99AC2785B0AF00E3BFD9 /* Assets.xcassets in Resources */,
				CBEB99AA2785B0AB00E3BFD9 /* Main.storyboard in Resources */,
			);
			runOnlyForDeploymentPostprocessing = 0;
		};
		CBEB99B32785B0B000E3BFD9 /* Resources */ = {
			isa = PBXResourcesBuildPhase;
			buildActionMask = 2147483647;
			files = (
			);
			runOnlyForDeploymentPostprocessing = 0;
		};
		CBEB99BD2785B0B000E3BFD9 /* Resources */ = {
			isa = PBXResourcesBuildPhase;
			buildActionMask = 2147483647;
			files = (
			);
			runOnlyForDeploymentPostprocessing = 0;
		};
/* End PBXResourcesBuildPhase section */

/* Begin PBXSourcesBuildPhase section */
		CBEB999B2785B0AB00E3BFD9 /* Sources */ = {
			isa = PBXSourcesBuildPhase;
			buildActionMask = 2147483647;
			files = (
				CBEB99A72785B0AB00E3BFD9 /* ViewController.swift in Sources */,
				CBEB99A32785B0AB00E3BFD9 /* AppDelegate.swift in Sources */,
				CBEB99A52785B0AB00E3BFD9 /* SceneDelegate.swift in Sources */,
			);
			runOnlyForDeploymentPostprocessing = 0;
		};
		CBEB99B12785B0B000E3BFD9 /* Sources */ = {
			isa = PBXSourcesBuildPhase;
			buildActionMask = 2147483647;
			files = (
				CBEB99BA2785B0B000E3BFD9 /* BildirimIzniAlmaTests.swift in Sources */,
			);
			runOnlyForDeploymentPostprocessing = 0;
		};
		CBEB99BB2785B0B000E3BFD9 /* Sources */ = {
			isa = PBXSourcesBuildPhase;
			buildActionMask = 2147483647;
			files = (
				CBEB99C42785B0B000E3BFD9 /* BildirimIzniAlmaUITests.swift in Sources */,
				CBEB99C62785B0B000E3BFD9 /* BildirimIzniAlmaUITestsLaunchTests.swift in Sources */,
			);
			runOnlyForDeploymentPostprocessing = 0;
		};
/* End PBXSourcesBuildPhase section */

/* Begin PBXTargetDependency section */
		CBEB99B72785B0B000E3BFD9 /* PBXTargetDependency */ = {
			isa = PBXTargetDependency;
			target = CBEB999E2785B0AB00E3BFD9 /* BildirimIzniAlma */;
			targetProxy = CBEB99B62785B0B000E3BFD9 /* PBXContainerItemProxy */;
		};
		CBEB99C12785B0B000E3BFD9 /* PBXTargetDependency */ = {
			isa = PBXTargetDependency;
			target = CBEB999E2785B0AB00E3BFD9 /* BildirimIzniAlma */;
			targetProxy = CBEB99C02785B0B000E3BFD9 /* PBXContainerItemProxy */;
		};
/* End PBXTargetDependency section */

/* Begin PBXVariantGroup section */
		CBEB99A82785B0AB00E3BFD9 /* Main.storyboard */ = {
			isa = PBXVariantGroup;
			children = (
				CBEB99A92785B0AB00E3BFD9 /* Base */,
			);
			name = Main.storyboard;
			sourceTree = "<group>";
		};
		CBEB99AD2785B0AF00E3BFD9 /* LaunchScreen.storyboard */ = {
			isa = PBXVariantGroup;
			children = (
				CBEB99AE2785B0AF00E3BFD9 /* Base */,
			);
			name = LaunchScreen.storyboard;
			sourceTree = "<group>";
		};
/* End PBXVariantGroup section */

/* Begin XCBuildConfiguration section */
		CBEB99C72785B0B000E3BFD9 /* Debug */ = {
			isa = XCBuildConfiguration;
			buildSettings = {
				ALWAYS_SEARCH_USER_PATHS = NO;
				CLANG_ANALYZER_NONNULL = YES;
				CLANG_ANALYZER_NUMBER_OBJECT_CONVERSION = YES_AGGRESSIVE;
				CLANG_CXX_LANGUAGE_STANDARD = "gnu++17";
				CLANG_CXX_LIBRARY = "libc++";
				CLANG_ENABLE_MODULES = YES;
				CLANG_ENABLE_OBJC_ARC = YES;
				CLANG_ENABLE_OBJC_WEAK = YES;
				CLANG_WARN_BLOCK_CAPTURE_AUTORELEASING = YES;
				CLANG_WARN_BOOL_CONVERSION = YES;
				CLANG_WARN_COMMA = YES;
				CLANG_WARN_CONSTANT_CONVERSION = YES;
				CLANG_WARN_DEPRECATED_OBJC_IMPLEMENTATIONS = YES;
				CLANG_WARN_DIRECT_OBJC_ISA_USAGE = YES_ERROR;
				CLANG_WARN_DOCUMENTATION_COMMENTS = YES;
				CLANG_WARN_EMPTY_BODY = YES;
				CLANG_WARN_ENUM_CONVERSION = YES;
				CLANG_WARN_INFINITE_RECURSION = YES;
				CLANG_WARN_INT_CONVERSION = YES;
				CLANG_WARN_NON_LITERAL_NULL_CONVERSION = YES;
				CLANG_WARN_OBJC_IMPLICIT_RETAIN_SELF = YES;
				CLANG_WARN_OBJC_LITERAL_CONVERSION = YES;
				CLANG_WARN_OBJC_ROOT_CLASS = YES_ERROR;
				CLANG_WARN_QUOTED_INCLUDE_IN_FRAMEWORK_HEADER = YES;
				CLANG_WARN_RANGE_LOOP_ANALYSIS = YES;
				CLANG_WARN_STRICT_PROTOTYPES = YES;
				CLANG_WARN_SUSPICIOUS_MOVE = YES;
				CLANG_WARN_UNGUARDED_AVAILABILITY = YES_AGGRESSIVE;
				CLANG_WARN_UNREACHABLE_CODE = YES;
				CLANG_WARN__DUPLICATE_METHOD_MATCH = YES;
				COPY_PHASE_STRIP = NO;
				DEBUG_INFORMATION_FORMAT = dwarf;
				ENABLE_STRICT_OBJC_MSGSEND = YES;
				ENABLE_TESTABILITY = YES;
				GCC_C_LANGUAGE_STANDARD = gnu11;
				GCC_DYNAMIC_NO_PIC = NO;
				GCC_NO_COMMON_BLOCKS = YES;
				GCC_OPTIMIZATION_LEVEL = 0;
				GCC_PREPROCESSOR_DEFINITIONS = (
					"DEBUG=1",
					"$(inherited)",
				);
				GCC_WARN_64_TO_32_BIT_CONVERSION = YES;
				GCC_WARN_ABOUT_RETURN_TYPE = YES_ERROR;
				GCC_WARN_UNDECLARED_SELECTOR = YES;
				GCC_WARN_UNINITIALIZED_AUTOS = YES_AGGRESSIVE;
				GCC_WARN_UNUSED_FUNCTION = YES;
				GCC_WARN_UNUSED_VARIABLE = YES;
				IPHONEOS_DEPLOYMENT_TARGET = 15.0;
				MTL_ENABLE_DEBUG_INFO = INCLUDE_SOURCE;
				MTL_FAST_MATH = YES;
				ONLY_ACTIVE_ARCH = YES;
				SDKROOT = iphoneos;
				SWIFT_ACTIVE_COMPILATION_CONDITIONS = DEBUG;
				SWIFT_OPTIMIZATION_LEVEL = "-Onone";
			};
			name = Debug;
		};
		CBEB99C82785B0B000E3BFD9 /* Release */ = {
			isa = XCBuildConfiguration;
			buildSettings = {
				ALWAYS_SEARCH_USER_PATHS = NO;
				CLANG_ANALYZER_NONNULL = YES;
				CLANG_ANALYZER_NUMBER_OBJECT_CONVERSION = YES_AGGRESSIVE;
				CLANG_CXX_LANGUAGE_STANDARD = "gnu++17";
				CLANG_CXX_LIBRARY = "libc++";
				CLANG_ENABLE_MODULES = YES;
				CLANG_ENABLE_OBJC_ARC = YES;
				CLANG_ENABLE_OBJC_WEAK = YES;
				CLANG_WARN_BLOCK_CAPTURE_AUTORELEASING = YES;
				CLANG_WARN_BOOL_CONVERSION = YES;
				CLANG_WARN_COMMA = YES;
				CLANG_WARN_CONSTANT_CONVERSION = YES;
				CLANG_WARN_DEPRECATED_OBJC_IMPLEMENTATIONS = YES;
				CLANG_WARN_DIRECT_OBJC_ISA_USAGE = YES_ERROR;
				CLANG_WARN_DOCUMENTATION_COMMENTS = YES;
				CLANG_WARN_EMPTY_BODY = YES;
				CLANG_WARN_ENUM_CONVERSION = YES;
				CLANG_WARN_INFINITE_RECURSION = YES;
				CLANG_WARN_INT_CONVERSION = YES;
				CLANG_WARN_NON_LITERAL_NULL_CONVERSION = YES;
				CLANG_WARN_OBJC_IMPLICIT_RETAIN_SELF = YES;
				CLANG_WARN_OBJC_LITERAL_CONVERSION = YES;
				CLANG_WARN_OBJC_ROOT_CLASS = YES_ERROR;
				CLANG_WARN_QUOTED_INCLUDE_IN_FRAMEWORK_HEADER = YES;
				CLANG_WARN_RANGE_LOOP_ANALYSIS = YES;
				CLANG_WARN_STRICT_PROTOTYPES = YES;
				CLANG_WARN_SUSPICIOUS_MOVE = YES;
				CLANG_WARN_UNGUARDED_AVAILABILITY = YES_AGGRESSIVE;
				CLANG_WARN_UNREACHABLE_CODE = YES;
				CLANG_WARN__DUPLICATE_METHOD_MATCH = YES;
				COPY_PHASE_STRIP = NO;
				DEBUG_INFORMATION_FORMAT = "dwarf-with-dsym";
				ENABLE_NS_ASSERTIONS = NO;
				ENABLE_STRICT_OBJC_MSGSEND = YES;
				GCC_C_LANGUAGE_STANDARD = gnu11;
				GCC_NO_COMMON_BLOCKS = YES;
				GCC_WARN_64_TO_32_BIT_CONVERSION = YES;
				GCC_WARN_ABOUT_RETURN_TYPE = YES_ERROR;
				GCC_WARN_UNDECLARED_SELECTOR = YES;
				GCC_WARN_UNINITIALIZED_AUTOS = YES_AGGRESSIVE;
				GCC_WARN_UNUSED_FUNCTION = YES;
				GCC_WARN_UNUSED_VARIABLE = YES;
				IPHONEOS_DEPLOYMENT_TARGET = 15.0;
				MTL_ENABLE_DEBUG_INFO = NO;
				MTL_FAST_MATH = YES;
				SDKROOT = iphoneos;
				SWIFT_COMPILATION_MODE = wholemodule;
				SWIFT_OPTIMIZATION_LEVEL = "-O";
				VALIDATE_PRODUCT = YES;
			};
			name = Release;
		};
		CBEB99CA2785B0B000E3BFD9 /* Debug */ = {
			isa = XCBuildConfiguration;
			buildSettings = {
				ASSETCATALOG_COMPILER_APPICON_NAME = AppIcon;
				ASSETCATALOG_COMPILER_GLOBAL_ACCENT_COLOR_NAME = AccentColor;
				CODE_SIGN_STYLE = Automatic;
				CURRENT_PROJECT_VERSION = 1;
				GENERATE_INFOPLIST_FILE = YES;
				INFOPLIST_FILE = BildirimIzniAlma/Info.plist;
				INFOPLIST_KEY_UIApplicationSupportsIndirectInputEvents = YES;
				INFOPLIST_KEY_UILaunchStoryboardName = LaunchScreen;
				INFOPLIST_KEY_UIMainStoryboardFile = Main;
				INFOPLIST_KEY_UISupportedInterfaceOrientations_iPad = "UIInterfaceOrientationPortrait UIInterfaceOrientationPortraitUpsideDown UIInterfaceOrientationLandscapeLeft UIInterfaceOrientationLandscapeRight";
				INFOPLIST_KEY_UISupportedInterfaceOrientations_iPhone = "UIInterfaceOrientationPortrait UIInterfaceOrientationLandscapeLeft UIInterfaceOrientationLandscapeRight";
				LD_RUNPATH_SEARCH_PATHS = (
					"$(inherited)",
					"@executable_path/Frameworks",
				);
				MARKETING_VERSION = 1.0;
				PRODUCT_BUNDLE_IDENTIFIER = c.BildirimIzniAlma;
				PRODUCT_NAME = "$(TARGET_NAME)";
				SWIFT_EMIT_LOC_STRINGS = YES;
				SWIFT_VERSION = 5.0;
				TARGETED_DEVICE_FAMILY = "1,2";
			};
			name = Debug;
		};
		CBEB99CB2785B0B000E3BFD9 /* Release */ = {
			isa = XCBuildConfiguration;
			buildSettings = {
				ASSETCATALOG_COMPILER_APPICON_NAME = AppIcon;
				ASSETCATALOG_COMPILER_GLOBAL_ACCENT_COLOR_NAME = AccentColor;
				CODE_SIGN_STYLE = Automatic;
				CURRENT_PROJECT_VERSION = 1;
				GENERATE_INFOPLIST_FILE = YES;
				INFOPLIST_FILE = BildirimIzniAlma/Info.plist;
				INFOPLIST_KEY_UIApplicationSupportsIndirectInputEvents = YES;
				INFOPLIST_KEY_UILaunchStoryboardName = LaunchScreen;
				INFOPLIST_KEY_UIMainStoryboardFile = Main;
				INFOPLIST_KEY_UISupportedInterfaceOrientations_iPad = "UIInterfaceOrientationPortrait UIInterfaceOrientationPortraitUpsideDown UIInterfaceOrientationLandscapeLeft UIInterfaceOrientationLandscapeRight";
				INFOPLIST_KEY_UISupportedInterfaceOrientations_iPhone = "UIInterfaceOrientationPortrait UIInterfaceOrientationLandscapeLeft UIInterfaceOrientationLandscapeRight";
				LD_RUNPATH_SEARCH_PATHS = (
					"$(inherited)",
					"@executable_path/Frameworks",
				);
				MARKETING_VERSION = 1.0;
				PRODUCT_BUNDLE_IDENTIFIER = c.BildirimIzniAlma;
				PRODUCT_NAME = "$(TARGET_NAME)";
				SWIFT_EMIT_LOC_STRINGS = YES;
				SWIFT_VERSION = 5.0;
				TARGETED_DEVICE_FAMILY = "1,2";
			};
			name = Release;
		};
		CBEB99CD2785B0B000E3BFD9 /* Debug */ = {
			isa = XCBuildConfiguration;
			buildSettings = {
				ALWAYS_EMBED_SWIFT_STANDARD_LIBRARIES = YES;
				BUNDLE_LOADER = "$(TEST_HOST)";
				CODE_SIGN_STYLE = Automatic;
				CURRENT_PROJECT_VERSION = 1;
				GENERATE_INFOPLIST_FILE = YES;
				IPHONEOS_DEPLOYMENT_TARGET = 15.0;
				LD_RUNPATH_SEARCH_PATHS = (
					"$(inherited)",
					"@executable_path/Frameworks",
					"@loader_path/Frameworks",
				);
				MARKETING_VERSION = 1.0;
				PRODUCT_BUNDLE_IDENTIFIER = c.BildirimIzniAlmaTests;
				PRODUCT_NAME = "$(TARGET_NAME)";
				SWIFT_EMIT_LOC_STRINGS = NO;
				SWIFT_VERSION = 5.0;
				TARGETED_DEVICE_FAMILY = "1,2";
				TEST_HOST = "$(BUILT_PRODUCTS_DIR)/BildirimIzniAlma.app/BildirimIzniAlma";
			};
			name = Debug;
		};
		CBEB99CE2785B0B000E3BFD9 /* Release */ = {
			isa = XCBuildConfiguration;
			buildSettings = {
				ALWAYS_EMBED_SWIFT_STANDARD_LIBRARIES = YES;
				BUNDLE_LOADER = "$(TEST_HOST)";
				CODE_SIGN_STYLE = Automatic;
				CURRENT_PROJECT_VERSION = 1;
				GENERATE_INFOPLIST_FILE = YES;
				IPHONEOS_DEPLOYMENT_TARGET = 15.0;
				LD_RUNPATH_SEARCH_PATHS = (
					"$(inherited)",
					"@executable_path/Frameworks",
					"@loader_path/Frameworks",
				);
				MARKETING_VERSION = 1.0;
				PRODUCT_BUNDLE_IDENTIFIER = c.BildirimIzniAlmaTests;
				PRODUCT_NAME = "$(TARGET_NAME)";
				SWIFT_EMIT_LOC_STRINGS = NO;
				SWIFT_VERSION = 5.0;
				TARGETED_DEVICE_FAMILY = "1,2";
				TEST_HOST = "$(BUILT_PRODUCTS_DIR)/BildirimIzniAlma.app/BildirimIzniAlma";
			};
			name = Release;
		};
		CBEB99D02785B0B000E3BFD9 /* Debug */ = {
			isa = XCBuildConfiguration;
			buildSettings = {
				ALWAYS_EMBED_SWIFT_STANDARD_LIBRARIES = YES;
				CODE_SIGN_STYLE = Automatic;
				CURRENT_PROJECT_VERSION = 1;
				GENERATE_INFOPLIST_FILE = YES;
				LD_RUNPATH_SEARCH_PATHS = (
					"$(inherited)",
					"@executable_path/Frameworks",
					"@loader_path/Frameworks",
				);
				MARKETING_VERSION = 1.0;
				PRODUCT_BUNDLE_IDENTIFIER = c.BildirimIzniAlmaUITests;
				PRODUCT_NAME = "$(TARGET_NAME)";
				SWIFT_EMIT_LOC_STRINGS = NO;
				SWIFT_VERSION = 5.0;
				TARGETED_DEVICE_FAMILY = "1,2";
				TEST_TARGET_NAME = BildirimIzniAlma;
			};
			name = Debug;
		};
		CBEB99D12785B0B000E3BFD9 /* Release */ = {
			isa = XCBuildConfiguration;
			buildSettings = {
				ALWAYS_EMBED_SWIFT_STANDARD_LIBRARIES = YES;
				CODE_SIGN_STYLE = Automatic;
				CURRENT_PROJECT_VERSION = 1;
				GENERATE_INFOPLIST_FILE = YES;
				LD_RUNPATH_SEARCH_PATHS = (
					"$(inherited)",
					"@executable_path/Frameworks",
					"@loader_path/Frameworks",
				);
				MARKETING_VERSION = 1.0;
				PRODUCT_BUNDLE_IDENTIFIER = c.BildirimIzniAlmaUITests;
				PRODUCT_NAME = "$(TARGET_NAME)";
				SWIFT_EMIT_LOC_STRINGS = NO;
				SWIFT_VERSION = 5.0;
				TARGETED_DEVICE_FAMILY = "1,2";
				TEST_TARGET_NAME = BildirimIzniAlma;
			};
			name = Release;
		};
/* End XCBuildConfiguration section */

/* Begin XCConfigurationList section */
		CBEB999A2785B0AB00E3BFD9 /* Build configuration list for PBXProject "BildirimIzniAlma" */ = {
			isa = XCConfigurationList;
			buildConfigurations = (
				CBEB99C72785B0B000E3BFD9 /* Debug */,
				CBEB99C82785B0B000E3BFD9 /* Release */,
			);
			defaultConfigurationIsVisible = 0;
			defaultConfigurationName = Release;
		};
		CBEB99C92785B0B000E3BFD9 /* Build configuration list for PBXNativeTarget "BildirimIzniAlma" */ = {
			isa = XCConfigurationList;
			buildConfigurations = (
				CBEB99CA2785B0B000E3BFD9 /* Debug */,
				CBEB99CB2785B0B000E3BFD9 /* Release */,
			);
			defaultConfigurationIsVisible = 0;
			defaultConfigurationName = Release;
		};
		CBEB99CC2785B0B000E3BFD9 /* Build configuration list for PBXNativeTarget "BildirimIzniAlmaTests" */ = {
			isa = XCConfigurationList;
			buildConfigurations = (
				CBEB99CD2785B0B000E3BFD9 /* Debug */,
				CBEB99CE2785B0B000E3BFD9 /* Release */,
			);
			defaultConfigurationIsVisible = 0;
			defaultConfigurationName = Release;
		};
		CBEB99CF2785B0B000E3BFD9 /* Build configuration list for PBXNativeTarget "BildirimIzniAlmaUITests" */ = {
			isa = XCConfigurationList;
			buildConfigurations = (
				CBEB99D02785B0B000E3BFD9 /* Debug */,
				CBEB99D12785B0B000E3BFD9 /* Release */,
			);
			defaultConfigurationIsVisible = 0;
			defaultConfigurationName = Release;
		};
/* End XCConfigurationList section */
	};
	rootObject = CBEB99972785B0AB00E3BFD9 /* Project object */;
}
